{
   "requires": true,
   "lockfileVersion": 1,
   "dependencies": {
      "@brayjamin/codify": {
         "version": "1.0.3",
         "resolved": "https://registry.npmjs.org/@brayjamin/codify/-/codify-1.0.3.tgz",
         "integrity": "sha512-9tOzgn+3CBRivyupSyJTQtSt6Ov2v0LCJrfMgYDJzNkQ8hEZeFU8chqeqPwGtcsG3CL3sMgqrX+52t6E34OmBA==",
         "requires": {
            "@grakkit/stdlib-paper": "1.0.14"
         }
      },
      "@grakkit/core": {
         "version": "3.2.7",
         "resolved": "https://registry.npmjs.org/@grakkit/core/-/core-3.2.7.tgz",
         "integrity": "sha512-8nHHC5GJLIXZbg6jMcGdmijoPNq5M5yqDxYFrGLG4DcqrrX9kjdCBwfpsE5EMDoIpfQRBAQwA6TvCbLZw0oauA==",
         "requires": {
            "@grakkit/core-classes": "1.0.1"
         }
      },
      "@grakkit/core-classes": {
         "version": "1.0.1",
         "resolved": "https://registry.npmjs.org/@grakkit/core-classes/-/core-classes-1.0.1.tgz",
         "integrity": "sha512-DCcoR594x50Gr336GhxYX/C+flcZPGRDj/MG4s+G6os8q4tgjM5EEFeriQ9rxttzqkTxPDsrrErTI97+h2in1w=="
      },
      "@grakkit/js": {
         "version": "1.0.2",
         "resolved": "https://registry.npmjs.org/@grakkit/js/-/js-1.0.2.tgz",
         "integrity": "sha512-G0PQSk5EUAeQPNrw/mwgquUH52XalH3ocny3QrXfXrJAnJ9hs9VjWPUd/A/Wz+XY3OQB71I57ATYKg4J0n/aLw==",
         "requires": {
            "@grakkit/stdlib": "1.0.6"
         },
         "dependencies": {
            "@grakkit/stdlib": {
               "version": "1.0.6",
               "resolved": "https://registry.npmjs.org/@grakkit/stdlib/-/stdlib-1.0.6.tgz",
               "integrity": "sha512-EvxGa2ZH4OA6tbiiNf/KjLb+jocUMGAIF5fCzUSy67hNdO24Srf+2ChzOD3kri+fkdBw/cRDgOZjRk27vGQKOQ==",
               "requires": {
                  "@grakkit/types": "1.0.0"
               }
            }
         }
      },
      "@grakkit/server": {
         "version": "1.4.2",
         "resolved": "https://registry.npmjs.org/@grakkit/server/-/server-1.4.2.tgz",
         "integrity": "sha512-NtuMpGH6pL+LZDpbke6oBSR7Ph0S9p1EOq9u6ZxRm9QYebOEgqlt1hBBcZQmHxSnAfmdvFM/s7FDm5QGmjhzoQ==",
         "requires": {
            "@grakkit/core": "3.2.7",
            "@grakkit/server-classes": "1.0.1"
         }
      },
      "@grakkit/server-classes": {
         "version": "1.0.1",
         "resolved": "https://registry.npmjs.org/@grakkit/server-classes/-/server-classes-1.0.1.tgz",
         "integrity": "sha512-+/EdTSJUwiqHcLfoA+oIzzz+nlhp5QjejNhwHCmACUeUtmzq91tEg2tzGOWJ9kj490m+rZVpC2ry0j5DZKP+qw=="
      },
      "@grakkit/stdlib": {
         "version": "1.0.3",
         "resolved": "https://registry.npmjs.org/@grakkit/stdlib/-/stdlib-1.0.3.tgz",
         "integrity": "sha512-Z+S4RY4nbzdpRoLTU06F4zD3QW7KevA0IEYtkRUFzNh1gaZUDXbM8euFz9RwueHV6j8o7QgBomUo47uC2GXfAA==",
         "dev": true,
         "requires": {
            "@grakkit/types": "1.0.0"
         }
      },
      "@grakkit/stdlib-paper": {
         "version": "1.0.14",
         "resolved": "https://registry.npmjs.org/@grakkit/stdlib-paper/-/stdlib-paper-1.0.14.tgz",
         "integrity": "sha512-OQBF2u4si+Yw8JN1f918vSPNVEbfg9mEZS2HrV1A/G7U9WfPjsE7JkbmzcJ7eoRSOpgXxQDJKVVuWITw2gBPgA==",
         "requires": {
            "@grakkit/js": "1.0.2",
            "@grakkit/stdlib": "1.0.7",
            "@grakkit/types-paper": "1.0.1"
         },
         "dependencies": {
            "@grakkit/stdlib": {
               "version": "1.0.7",
               "resolved": "https://registry.npmjs.org/@grakkit/stdlib/-/stdlib-1.0.7.tgz",
               "integrity": "sha512-hSfEMNYXVigRPw3Ssa8/7Ygb/9HmMsTP2j5BYLvtU0R1xMtnuEO89Tr3UIzKmUunWb2bVSPmCPQwKnFYOOc2Mg==",
               "requires": {
                  "@grakkit/types": "1.0.0"
               }
            }
         }
      },
      "@grakkit/types": {
         "version": "1.0.0",
         "resolved": "https://registry.npmjs.org/@grakkit/types/-/types-1.0.0.tgz",
         "integrity": "sha512-MN1WVPL7aKMd5jv3fYYz8YWUkTsX+2WbGoZmNiMNLWDTseV7bbCR1JOileO/EGI2Hp691v85FFfOHjy7/qT0lg=="
      },
      "@grakkit/types-paper": {
         "version": "1.0.1",
         "resolved": "https://registry.npmjs.org/@grakkit/types-paper/-/types-paper-1.0.1.tgz",
         "integrity": "sha512-D39sbrY/FVK0roHlPS7Oa5BQTIZxVjITLTnVFzmZ2BEGRhDjF/N8V1eFGB6wcZL4Gyu41HgWFBEctGo7BBskGw==",
         "requires": {
            "@grakkit/types": "1.0.0"
         }
      },
      "@types/node": {
         "version": "16.11.1",
         "resolved": "https://registry.npmjs.org/@types/node/-/node-16.11.1.tgz",
         "integrity": "sha512-PYGcJHL9mwl1Ek3PLiYgyEKtwTMmkMw4vbiyz/ps3pfdRYLVv+SN7qHVAImrjdAXxgluDEw6Ph4lyv+m9UpRmA==",
         "dev": true
      },
      "typescript": {
         "version": "4.3.5",
         "resolved": "https://registry.npmjs.org/typescript/-/typescript-4.3.5.tgz",
         "integrity": "sha512-DqQgihaQ9cUrskJo9kIyW/+g0Vxsk8cDtZ52a3NGh0YNTfpUSArXSohyUGnvbPazEPLu398C0UxmKSOrPumUzA==",
         "dev": true
      }
   }
}
